
Microsoft Visual Studio Solution File, Format Version 12.00
# Visual Studio 15
VisualStudioVersion = 15.0.26730.15
MinimumVisualStudioVersion = 10.0.40219.1
Project("{FAE04EC0-301F-11D3-BF4B-00C04F79EFBC}") = "DnDCharacterSheet", "DnDCharacterSheet\DnDCharacterSheet.csproj", "{8F7362B8-2813-4AF9-8D20-3096ED08F827}"
EndProject
Global
	GlobalSection(SolutionConfigurationPlatforms) = preSolution
		Debug|ARM = Debug|ARM
		Debug|x64 = Debug|x64
		Debug|x86 = Debug|x86
		Release|ARM = Release|ARM
		Release|x64 = Release|x64
		Release|x86 = Release|x86
	EndGlobalSection
	GlobalSection(ProjectConfigurationPlatforms) = postSolution
		{8F7362B8-2813-4AF9-8D20-3096ED08F827}.Debug|ARM.ActiveCfg = Debug|ARM
		{8F7362B8-2813-4AF9-8D20-3096ED08F827}.Debug|ARM.Build.0 = Debug|ARM
		{8F7362B8-2813-4AF9-8D20-3096ED08F827}.Debug|ARM.Deploy.0 = Debug|ARM
		{8F7362B8-2813-4AF9-8D20-3096ED08F827}.Debug|x64.ActiveCfg = Debug|x64
		{8F7362B8-2813-4AF9-8D20-3096ED08F827}.Debug|x64.Build.0 = Debug|x64
		{8F7362B8-2813-4AF9-8D20-3096ED08F827}.Debug|x64.Deploy.0 = Debug|x64
		{8F7362B8-2813-4AF9-8D20-3096ED08F827}.Debug|x86.ActiveCfg = Debug|x86
		{8F7362B8-2813-4AF9-8D20-3096ED08F827}.Debug|x86.Build.0 = Debug|x86
		{8F7362B8-2813-4AF9-8D20-3096ED08F827}.Debug|x86.Deploy.0 = Debug|x86
		{8F7362B8-2813-4AF9-8D20-3096ED08F827}.Release|ARM.ActiveCfg = Release|ARM
		{8F7362B8-2813-4AF9-8D20-3096ED08F827}.Release|ARM.Build.0 = Release|ARM
		{8F7362B8-2813-4AF9-8D20-3096ED08F827}.Release|ARM.Deploy.0 = Release|ARM
		{8F7362B8-2813-4AF9-8D20-3096ED08F827}.Release|x64.ActiveCfg = Release|x64
		{8F7362B8-2813-4AF9-8D20-3096ED08F827}.Release|x64.Build.0 = Release|x64
		{8F7362B8-2813-4AF9-8D20-3096ED08F827}.Release|x64.Deploy.0 = Release|x64
		{8F7362B8-2813-4AF9-8D20-3096ED08F827}.Release|x86.ActiveCfg = Release|x86
		{8F7362B8-2813-4AF9-8D20-3096ED08F827}.Release|x86.Build.0 = Release|x86
		{8F7362B8-2813-4AF9-8D20-3096ED08F827}.Release|x86.Deploy.0 = Release|x86
	EndGlobalSection
	GlobalSection(SolutionProperties) = preSolution
		HideSolutionNode = FALSE
	EndGlobalSection
	GlobalSection(ExtensibilityGlobals) = postSolution
		SolutionGuid = {7B6DC7EE-4533-4026-9004-586B99DEE38B}
	EndGlobalSection
EndGlobal
